sdk: ^2.0.0-alpha.143
prefixes:
  dns_simple_server: pkg-dns-simple-server
  http: pkg-http
  ntp: pkg-ntp
packages:
  pkg-dns-simple-server:
    url: github.com/toitlang/pkg-dns-simple-server
    name: dns_simple_server
    version: 0.2.1
    hash: 10476712e5140d40b9f593530aca50045ba41671
  pkg-http:
    url: github.com/toitlang/pkg-http
    name: http
    version: 2.5.0
    hash: 4b9c2e4bdf1e57590899e7a42b049e751136aa7c
  pkg-ntp:
    url: github.com/toitlang/pkg-ntp
    name: ntp
    version: 1.0.0
    hash: 1c3cc4a4819f459393f00efc576f66f838665719
